
Microsoft Visual Studio Solution File, Format Version 12.00
# Visual Studio Version 17
VisualStudioVersion = 17.1.32328.378
MinimumVisualStudioVersion = 10.0.40219.1
Project("{FAE04EC0-301F-11D3-BF4B-00C04F79EFBC}") = "Mindbox", "Mindbox.csproj", "{D802BE0D-69A6-440D-99B3-F200C63D328A}"
EndProject
Project("{FAE04EC0-301F-11D3-BF4B-00C04F79EFBC}") = "UnitTests", "..\UnitTests\UnitTests.csproj", "{D4278EF5-4DFB-4804-8092-DA2EABC03C04}"
EndProject
Global
	GlobalSection(SolutionConfigurationPlatforms) = preSolution
		Debug|Any CPU = Debug|Any CPU
		Release|Any CPU = Release|Any CPU
	EndGlobalSection
	GlobalSection(ProjectConfigurationPlatforms) = postSolution
		{D802BE0D-69A6-440D-99B3-F200C63D328A}.Debug|Any CPU.ActiveCfg = Debug|Any CPU
		{D802BE0D-69A6-440D-99B3-F200C63D328A}.Debug|Any CPU.Build.0 = Debug|Any CPU
		{D802BE0D-69A6-440D-99B3-F200C63D328A}.Release|Any CPU.ActiveCfg = Release|Any CPU
		{D802BE0D-69A6-440D-99B3-F200C63D328A}.Release|Any CPU.Build.0 = Release|Any CPU
		{D4278EF5-4DFB-4804-8092-DA2EABC03C04}.Debug|Any CPU.ActiveCfg = Debug|Any CPU
		{D4278EF5-4DFB-4804-8092-DA2EABC03C04}.Debug|Any CPU.Build.0 = Debug|Any CPU
		{D4278EF5-4DFB-4804-8092-DA2EABC03C04}.Release|Any CPU.ActiveCfg = Release|Any CPU
		{D4278EF5-4DFB-4804-8092-DA2EABC03C04}.Release|Any CPU.Build.0 = Release|Any CPU
	EndGlobalSection
	GlobalSection(SolutionProperties) = preSolution
		HideSolutionNode = FALSE
	EndGlobalSection
	GlobalSection(ExtensibilityGlobals) = postSolution
		SolutionGuid = {F6DA325A-5E53-45BD-B7E8-DD41637AB244}
	EndGlobalSection
EndGlobal
